Microsoft Visual Studio Solution File, Format Version 11.00
# Visual Studio 2008

Project("{518D2179-D82D-0503-5AE5-C4C9A14A7174}") = "SampleVuforia", "Assembly-CSharp.csproj", "{25B5C9F7-3B77-0161-D0AD-547C6829A215}"
EndProject
Project("{518D2179-D82D-0503-5AE5-C4C9A14A7174}") = "SampleVuforia", "Assembly-CSharp-Editor.csproj", "{CF94DA2E-B892-1366-2E36-61A9A8C967D9}"
EndProject
Global
	GlobalSection(SolutionConfigurationPlatforms) = preSolution
		Debug|Any CPU = Debug|Any CPU
		Release|Any CPU = Release|Any CPU
	EndGlobalSection
	GlobalSection(ProjectConfigurationPlatforms) = postSolution
		{25B5C9F7-3B77-0161-D0AD-547C6829A215}.Debug|Any CPU.ActiveCfg = Debug|Any CPU
		{25B5C9F7-3B77-0161-D0AD-547C6829A215}.Debug|Any CPU.Build.0 = Debug|Any CPU
		{25B5C9F7-3B77-0161-D0AD-547C6829A215}.Release|Any CPU.ActiveCfg = Release|Any CPU
		{25B5C9F7-3B77-0161-D0AD-547C6829A215}.Release|Any CPU.Build.0 = Release|Any CPU
		{CF94DA2E-B892-1366-2E36-61A9A8C967D9}.Debug|Any CPU.ActiveCfg = Debug|Any CPU
		{CF94DA2E-B892-1366-2E36-61A9A8C967D9}.Debug|Any CPU.Build.0 = Debug|Any CPU
		{CF94DA2E-B892-1366-2E36-61A9A8C967D9}.Release|Any CPU.ActiveCfg = Release|Any CPU
		{CF94DA2E-B892-1366-2E36-61A9A8C967D9}.Release|Any CPU.Build.0 = Release|Any CPU
	EndGlobalSection
	GlobalSection(SolutionProperties) = preSolution
		HideSolutionNode = FALSE
	EndGlobalSection
																GlobalSection(MonoDevelopProperties) = preSolution
		StartupItem = Assembly-CSharp.csproj
		Policies = $0
		$0.TextStylePolicy = $1
		$1.inheritsSet = null
		$1.scope = text/x-csharp
		$0.CSharpFormattingPolicy = $2
		$2.inheritsSet = Mono
		$2.inheritsScope = text/x-csharp
		$2.scope = text/x-csharp
		$0.TextStylePolicy = $3
		$3.FileWidth = 120
		$3.TabWidth = 4
		$3.IndentWidth = 4
		$3.EolMarker = Unix
		$3.inheritsSet = Mono
		$3.inheritsScope = text/plain
		$3.scope = text/plain
	EndGlobalSection
EndGlobal
